
Microsoft Visual Studio Solution File, Format Version 12.00
# Visual Studio 15
VisualStudioVersion = 15.0.27428.2015
MinimumVisualStudioVersion = 10.0.40219.1
Project("{FAE04EC0-301F-11D3-BF4B-00C04F79EFBC}") = "ToDoListWebApp", "ToDoListWebApp\ToDoListWebApp.csproj", "{5D0C4D74-900E-4040-9ADB-FE5D63A373F7}"
EndProject
Global
	GlobalSection(SolutionConfigurationPlatforms) = preSolution
		Debug|Any CPU = Debug|Any CPU
		Release|Any CPU = Release|Any CPU
	EndGlobalSection
	GlobalSection(ProjectConfigurationPlatforms) = postSolution
		{5D0C4D74-900E-4040-9ADB-FE5D63A373F7}.Debug|Any CPU.ActiveCfg = Debug|Any CPU
		{5D0C4D74-900E-4040-9ADB-FE5D63A373F7}.Debug|Any CPU.Build.0 = Debug|Any CPU
		{5D0C4D74-900E-4040-9ADB-FE5D63A373F7}.Release|Any CPU.ActiveCfg = Release|Any CPU
		{5D0C4D74-900E-4040-9ADB-FE5D63A373F7}.Release|Any CPU.Build.0 = Release|Any CPU
	EndGlobalSection
	GlobalSection(SolutionProperties) = preSolution
		HideSolutionNode = FALSE
	EndGlobalSection
	GlobalSection(ExtensibilityGlobals) = postSolution
		SolutionGuid = {0EC7D7C7-AF4E-4DD5-AEEA-71C0B1EC0DFF}
	EndGlobalSection
EndGlobal
